
Microsoft Visual Studio Solution File, Format Version 12.00
# Visual Studio Version 17
VisualStudioVersion = 17.10.34928.147
MinimumVisualStudioVersion = 10.0.40219.1
Project("{FAE04EC0-301F-11D3-BF4B-00C04F79EFBC}") = "CarDealerProject", "CarDealerProject\CarDealerProject.csproj", "{84DABD89-B4F2-42A5-82D0-0A244E3F11DC}"
EndProject
Project("{FAE04EC0-301F-11D3-BF4B-00C04F79EFBC}") = "CarDealerProject.Data", "CarDealerProject.Data\CarDealerProject.Data.csproj", "{BACF1992-BD29-4121-BD2C-BED2CCFB85CE}"
EndProject
Global
	GlobalSection(SolutionConfigurationPlatforms) = preSolution
		Debug|Any CPU = Debug|Any CPU
		Release|Any CPU = Release|Any CPU
	EndGlobalSection
	GlobalSection(ProjectConfigurationPlatforms) = postSolution
		{84DABD89-B4F2-42A5-82D0-0A244E3F11DC}.Debug|Any CPU.ActiveCfg = Debug|Any CPU
		{84DABD89-B4F2-42A5-82D0-0A244E3F11DC}.Debug|Any CPU.Build.0 = Debug|Any CPU
		{84DABD89-B4F2-42A5-82D0-0A244E3F11DC}.Release|Any CPU.ActiveCfg = Release|Any CPU
		{84DABD89-B4F2-42A5-82D0-0A244E3F11DC}.Release|Any CPU.Build.0 = Release|Any CPU
		{BACF1992-BD29-4121-BD2C-BED2CCFB85CE}.Debug|Any CPU.ActiveCfg = Debug|Any CPU
		{BACF1992-BD29-4121-BD2C-BED2CCFB85CE}.Debug|Any CPU.Build.0 = Debug|Any CPU
		{BACF1992-BD29-4121-BD2C-BED2CCFB85CE}.Release|Any CPU.ActiveCfg = Release|Any CPU
		{BACF1992-BD29-4121-BD2C-BED2CCFB85CE}.Release|Any CPU.Build.0 = Release|Any CPU
	EndGlobalSection
	GlobalSection(SolutionProperties) = preSolution
		HideSolutionNode = FALSE
	EndGlobalSection
	GlobalSection(ExtensibilityGlobals) = postSolution
		SolutionGuid = {D7D54258-9A35-4F90-B686-DDCB30D67B21}
	EndGlobalSection
EndGlobal
